
Microsoft Visual Studio Solution File, Format Version 12.00
# Visual Studio Version 16
VisualStudioVersion = 16.0.29709.97
MinimumVisualStudioVersion = 10.0.40219.1
Project("{FAE04EC0-301F-11D3-BF4B-00C04F79EFBC}") = "App_Consultacep.UWP", "App_Consultacep\App_Consultacep.UWP\App_Consultacep.UWP.csproj", "{8E1BD2F5-89B0-476B-989A-B8D33ADAE3B2}"
EndProject
Project("{FAE04EC0-301F-11D3-BF4B-00C04F79EFBC}") = "App_Consultacep.Android", "App_Consultacep\App_Consultacep.Android\App_Consultacep.Android.csproj", "{17F91CF9-FEB9-41AE-8711-FAFC47F5588E}"
EndProject
Project("{FAE04EC0-301F-11D3-BF4B-00C04F79EFBC}") = "App_Consultacep.iOS", "App_Consultacep\App_Consultacep.iOS\App_Consultacep.iOS.csproj", "{F7F21B4C-C2FA-4E8C-84BF-1CD8CCBD5C22}"
EndProject
Project("{FAE04EC0-301F-11D3-BF4B-00C04F79EFBC}") = "App_Consultacep", "App_Consultacep\App_Consultacep\App_Consultacep.csproj", "{5C1DFC84-463B-4DA9-8521-5EE85F274EAD}"
EndProject
Global
	GlobalSection(SolutionConfigurationPlatforms) = preSolution
		Debug|Any CPU = Debug|Any CPU
		Debug|ARM = Debug|ARM
		Debug|iPhone = Debug|iPhone
		Debug|iPhoneSimulator = Debug|iPhoneSimulator
		Debug|x64 = Debug|x64
		Debug|x86 = Debug|x86
		Release|Any CPU = Release|Any CPU
		Release|ARM = Release|ARM
		Release|iPhone = Release|iPhone
		Release|iPhoneSimulator = Release|iPhoneSimulator
		Release|x64 = Release|x64
		Release|x86 = Release|x86
	EndGlobalSection
	GlobalSection(ProjectConfigurationPlatforms) = postSolution
		{8E1BD2F5-89B0-476B-989A-B8D33ADAE3B2}.Debug|Any CPU.ActiveCfg = Debug|x86
		{8E1BD2F5-89B0-476B-989A-B8D33ADAE3B2}.Debug|Any CPU.Build.0 = Debug|x86
		{8E1BD2F5-89B0-476B-989A-B8D33ADAE3B2}.Debug|Any CPU.Deploy.0 = Debug|x86
		{8E1BD2F5-89B0-476B-989A-B8D33ADAE3B2}.Debug|ARM.ActiveCfg = Debug|ARM
		{8E1BD2F5-89B0-476B-989A-B8D33ADAE3B2}.Debug|ARM.Build.0 = Debug|ARM
		{8E1BD2F5-89B0-476B-989A-B8D33ADAE3B2}.Debug|ARM.Deploy.0 = Debug|ARM
		{8E1BD2F5-89B0-476B-989A-B8D33ADAE3B2}.Debug|iPhone.ActiveCfg = Debug|x86
		{8E1BD2F5-89B0-476B-989A-B8D33ADAE3B2}.Debug|iPhone.Build.0 = Debug|x86
		{8E1BD2F5-89B0-476B-989A-B8D33ADAE3B2}.Debug|iPhone.Deploy.0 = Debug|x86
		{8E1BD2F5-89B0-476B-989A-B8D33ADAE3B2}.Debug|iPhoneSimulator.ActiveCfg = Debug|x86
		{8E1BD2F5-89B0-476B-989A-B8D33ADAE3B2}.Debug|iPhoneSimulator.Build.0 = Debug|x86
		{8E1BD2F5-89B0-476B-989A-B8D33ADAE3B2}.Debug|iPhoneSimulator.Deploy.0 = Debug|x86
		{8E1BD2F5-89B0-476B-989A-B8D33ADAE3B2}.Debug|x64.ActiveCfg = Debug|x64
		{8E1BD2F5-89B0-476B-989A-B8D33ADAE3B2}.Debug|x64.Build.0 = Debug|x64
		{8E1BD2F5-89B0-476B-989A-B8D33ADAE3B2}.Debug|x64.Deploy.0 = Debug|x64
		{8E1BD2F5-89B0-476B-989A-B8D33ADAE3B2}.Debug|x86.ActiveCfg = Debug|x86
		{8E1BD2F5-89B0-476B-989A-B8D33ADAE3B2}.Debug|x86.Build.0 = Debug|x86
		{8E1BD2F5-89B0-476B-989A-B8D33ADAE3B2}.Debug|x86.Deploy.0 = Debug|x86
		{8E1BD2F5-89B0-476B-989A-B8D33ADAE3B2}.Release|Any CPU.ActiveCfg = Release|x86
		{8E1BD2F5-89B0-476B-989A-B8D33ADAE3B2}.Release|Any CPU.Build.0 = Release|x86
		{8E1BD2F5-89B0-476B-989A-B8D33ADAE3B2}.Release|Any CPU.Deploy.0 = Release|x86
		{8E1BD2F5-89B0-476B-989A-B8D33ADAE3B2}.Release|ARM.ActiveCfg = Release|ARM
		{8E1BD2F5-89B0-476B-989A-B8D33ADAE3B2}.Release|ARM.Build.0 = Release|ARM
		{8E1BD2F5-89B0-476B-989A-B8D33ADAE3B2}.Release|ARM.Deploy.0 = Release|ARM
		{8E1BD2F5-89B0-476B-989A-B8D33ADAE3B2}.Release|iPhone.ActiveCfg = Release|x86
		{8E1BD2F5-89B0-476B-989A-B8D33ADAE3B2}.Release|iPhone.Build.0 = Release|x86
		{8E1BD2F5-89B0-476B-989A-B8D33ADAE3B2}.Release|iPhone.Deploy.0 = Release|x86
		{8E1BD2F5-89B0-476B-989A-B8D33ADAE3B2}.Release|iPhoneSimulator.ActiveCfg = Release|x86
		{8E1BD2F5-89B0-476B-989A-B8D33ADAE3B2}.Release|iPhoneSimulator.Build.0 = Release|x86
		{8E1BD2F5-89B0-476B-989A-B8D33ADAE3B2}.Release|iPhoneSimulator.Deploy.0 = Release|x86
		{8E1BD2F5-89B0-476B-989A-B8D33ADAE3B2}.Release|x64.ActiveCfg = Release|x64
		{8E1BD2F5-89B0-476B-989A-B8D33ADAE3B2}.Release|x64.Build.0 = Release|x64
		{8E1BD2F5-89B0-476B-989A-B8D33ADAE3B2}.Release|x64.Deploy.0 = Release|x64
		{8E1BD2F5-89B0-476B-989A-B8D33ADAE3B2}.Release|x86.ActiveCfg = Release|x86
		{8E1BD2F5-89B0-476B-989A-B8D33ADAE3B2}.Release|x86.Build.0 = Release|x86
		{8E1BD2F5-89B0-476B-989A-B8D33ADAE3B2}.Release|x86.Deploy.0 = Release|x86
		{17F91CF9-FEB9-41AE-8711-FAFC47F5588E}.Debug|Any CPU.ActiveCfg = Debug|Any CPU
		{17F91CF9-FEB9-41AE-8711-FAFC47F5588E}.Debug|Any CPU.Build.0 = Debug|Any CPU
		{17F91CF9-FEB9-41AE-8711-FAFC47F5588E}.Debug|Any CPU.Deploy.0 = Debug|Any CPU
		{17F91CF9-FEB9-41AE-8711-FAFC47F5588E}.Debug|ARM.ActiveCfg = Debug|Any CPU
		{17F91CF9-FEB9-41AE-8711-FAFC47F5588E}.Debug|ARM.Build.0 = Debug|Any CPU
		{17F91CF9-FEB9-41AE-8711-FAFC47F5588E}.Debug|ARM.Deploy.0 = Debug|Any CPU
		{17F91CF9-FEB9-41AE-8711-FAFC47F5588E}.Debug|iPhone.ActiveCfg = Debug|Any CPU
		{17F91CF9-FEB9-41AE-8711-FAFC47F5588E}.Debug|iPhone.Build.0 = Debug|Any CPU
		{17F91CF9-FEB9-41AE-8711-FAFC47F5588E}.Debug|iPhone.Deploy.0 = Debug|Any CPU
		{17F91CF9-FEB9-41AE-8711-FAFC47F5588E}.Debug|iPhoneSimulator.ActiveCfg = Debug|Any CPU
		{17F91CF9-FEB9-41AE-8711-FAFC47F5588E}.Debug|iPhoneSimulator.Build.0 = Debug|Any CPU
		{17F91CF9-FEB9-41AE-8711-FAFC47F5588E}.Debug|iPhoneSimulator.Deploy.0 = Debug|Any CPU
		{17F91CF9-FEB9-41AE-8711-FAFC47F5588E}.Debug|x64.ActiveCfg = Debug|Any CPU
		{17F91CF9-FEB9-41AE-8711-FAFC47F5588E}.Debug|x64.Build.0 = Debug|Any CPU
		{17F91CF9-FEB9-41AE-8711-FAFC47F5588E}.Debug|x64.Deploy.0 = Debug|Any CPU
		{17F91CF9-FEB9-41AE-8711-FAFC47F5588E}.Debug|x86.ActiveCfg = Debug|Any CPU
		{17F91CF9-FEB9-41AE-8711-FAFC47F5588E}.Debug|x86.Build.0 = Debug|Any CPU
		{17F91CF9-FEB9-41AE-8711-FAFC47F5588E}.Debug|x86.Deploy.0 = Debug|Any CPU
		{17F91CF9-FEB9-41AE-8711-FAFC47F5588E}.Release|Any CPU.ActiveCfg = Release|Any CPU
		{17F91CF9-FEB9-41AE-8711-FAFC47F5588E}.Release|Any CPU.Build.0 = Release|Any CPU
		{17F91CF9-FEB9-41AE-8711-FAFC47F5588E}.Release|Any CPU.Deploy.0 = Release|Any CPU
		{17F91CF9-FEB9-41AE-8711-FAFC47F5588E}.Release|ARM.ActiveCfg = Release|Any CPU
		{17F91CF9-FEB9-41AE-8711-FAFC47F5588E}.Release|ARM.Build.0 = Release|Any CPU
		{17F91CF9-FEB9-41AE-8711-FAFC47F5588E}.Release|ARM.Deploy.0 = Release|Any CPU
		{17F91CF9-FEB9-41AE-8711-FAFC47F5588E}.Release|iPhone.ActiveCfg = Release|Any CPU
		{17F91CF9-FEB9-41AE-8711-FAFC47F5588E}.Release|iPhone.Build.0 = Release|Any CPU
		{17F91CF9-FEB9-41AE-8711-FAFC47F5588E}.Release|iPhone.Deploy.0 = Release|Any CPU
		{17F91CF9-FEB9-41AE-8711-FAFC47F5588E}.Release|iPhoneSimulator.ActiveCfg = Release|Any CPU
		{17F91CF9-FEB9-41AE-8711-FAFC47F5588E}.Release|iPhoneSimulator.Build.0 = Release|Any CPU
		{17F91CF9-FEB9-41AE-8711-FAFC47F5588E}.Release|iPhoneSimulator.Deploy.0 = Release|Any CPU
		{17F91CF9-FEB9-41AE-8711-FAFC47F5588E}.Release|x64.ActiveCfg = Release|Any CPU
		{17F91CF9-FEB9-41AE-8711-FAFC47F5588E}.Release|x64.Build.0 = Release|Any CPU
		{17F91CF9-FEB9-41AE-8711-FAFC47F5588E}.Release|x64.Deploy.0 = Release|Any CPU
		{17F91CF9-FEB9-41AE-8711-FAFC47F5588E}.Release|x86.ActiveCfg = Release|Any CPU
		{17F91CF9-FEB9-41AE-8711-FAFC47F5588E}.Release|x86.Build.0 = Release|Any CPU
		{17F91CF9-FEB9-41AE-8711-FAFC47F5588E}.Release|x86.Deploy.0 = Release|Any CPU
		{F7F21B4C-C2FA-4E8C-84BF-1CD8CCBD5C22}.Debug|Any CPU.ActiveCfg = Debug|iPhone
		{F7F21B4C-C2FA-4E8C-84BF-1CD8CCBD5C22}.Debug|Any CPU.Build.0 = Debug|iPhone
		{F7F21B4C-C2FA-4E8C-84BF-1CD8CCBD5C22}.Debug|Any CPU.Deploy.0 = Debug|iPhone
		{F7F21B4C-C2FA-4E8C-84BF-1CD8CCBD5C22}.Debug|ARM.ActiveCfg = Debug|iPhoneSimulator
		{F7F21B4C-C2FA-4E8C-84BF-1CD8CCBD5C22}.Debug|ARM.Build.0 = Debug|iPhoneSimulator
		{F7F21B4C-C2FA-4E8C-84BF-1CD8CCBD5C22}.Debug|ARM.Deploy.0 = Debug|iPhoneSimulator
		{F7F21B4C-C2FA-4E8C-84BF-1CD8CCBD5C22}.Debug|iPhone.ActiveCfg = Debug|iPhone
		{F7F21B4C-C2FA-4E8C-84BF-1CD8CCBD5C22}.Debug|iPhone.Build.0 = Debug|iPhone
		{F7F21B4C-C2FA-4E8C-84BF-1CD8CCBD5C22}.Debug|iPhone.Deploy.0 = Debug|iPhone
		{F7F21B4C-C2FA-4E8C-84BF-1CD8CCBD5C22}.Debug|iPhoneSimulator.ActiveCfg = Debug|iPhoneSimulator
		{F7F21B4C-C2FA-4E8C-84BF-1CD8CCBD5C22}.Debug|iPhoneSimulator.Build.0 = Debug|iPhoneSimulator
		{F7F21B4C-C2FA-4E8C-84BF-1CD8CCBD5C22}.Debug|iPhoneSimulator.Deploy.0 = Debug|iPhoneSimulator
		{F7F21B4C-C2FA-4E8C-84BF-1CD8CCBD5C22}.Debug|x64.ActiveCfg = Debug|iPhone
		{F7F21B4C-C2FA-4E8C-84BF-1CD8CCBD5C22}.Debug|x64.Build.0 = Debug|iPhone
		{F7F21B4C-C2FA-4E8C-84BF-1CD8CCBD5C22}.Debug|x64.Deploy.0 = Debug|iPhone
		{F7F21B4C-C2FA-4E8C-84BF-1CD8CCBD5C22}.Debug|x86.ActiveCfg = Debug|iPhone
		{F7F21B4C-C2FA-4E8C-84BF-1CD8CCBD5C22}.Debug|x86.Build.0 = Debug|iPhone
		{F7F21B4C-C2FA-4E8C-84BF-1CD8CCBD5C22}.Debug|x86.Deploy.0 = Debug|iPhone
		{F7F21B4C-C2FA-4E8C-84BF-1CD8CCBD5C22}.Release|Any CPU.ActiveCfg = Release|iPhone
		{F7F21B4C-C2FA-4E8C-84BF-1CD8CCBD5C22}.Release|Any CPU.Build.0 = Release|iPhone
		{F7F21B4C-C2FA-4E8C-84BF-1CD8CCBD5C22}.Release|Any CPU.Deploy.0 = Release|iPhone
		{F7F21B4C-C2FA-4E8C-84BF-1CD8CCBD5C22}.Release|ARM.ActiveCfg = Release|iPhone
		{F7F21B4C-C2FA-4E8C-84BF-1CD8CCBD5C22}.Release|ARM.Build.0 = Release|iPhone
		{F7F21B4C-C2FA-4E8C-84BF-1CD8CCBD5C22}.Release|ARM.Deploy.0 = Release|iPhone
		{F7F21B4C-C2FA-4E8C-84BF-1CD8CCBD5C22}.Release|iPhone.ActiveCfg = Release|iPhone
		{F7F21B4C-C2FA-4E8C-84BF-1CD8CCBD5C22}.Release|iPhone.Build.0 = Release|iPhone
		{F7F21B4C-C2FA-4E8C-84BF-1CD8CCBD5C22}.Release|iPhone.Deploy.0 = Release|iPhone
		{F7F21B4C-C2FA-4E8C-84BF-1CD8CCBD5C22}.Release|iPhoneSimulator.ActiveCfg = Release|iPhoneSimulator
		{F7F21B4C-C2FA-4E8C-84BF-1CD8CCBD5C22}.Release|iPhoneSimulator.Build.0 = Release|iPhoneSimulator
		{F7F21B4C-C2FA-4E8C-84BF-1CD8CCBD5C22}.Release|iPhoneSimulator.Deploy.0 = Release|iPhoneSimulator
		{F7F21B4C-C2FA-4E8C-84BF-1CD8CCBD5C22}.Release|x64.ActiveCfg = Release|iPhone
		{F7F21B4C-C2FA-4E8C-84BF-1CD8CCBD5C22}.Release|x64.Build.0 = Release|iPhone
		{F7F21B4C-C2FA-4E8C-84BF-1CD8CCBD5C22}.Release|x64.Deploy.0 = Release|iPhone
		{F7F21B4C-C2FA-4E8C-84BF-1CD8CCBD5C22}.Release|x86.ActiveCfg = Release|iPhone
		{F7F21B4C-C2FA-4E8C-84BF-1CD8CCBD5C22}.Release|x86.Build.0 = Release|iPhone
		{F7F21B4C-C2FA-4E8C-84BF-1CD8CCBD5C22}.Release|x86.Deploy.0 = Release|iPhone
		{5C1DFC84-463B-4DA9-8521-5EE85F274EAD}.Debug|Any CPU.ActiveCfg = Debug|Any CPU
		{5C1DFC84-463B-4DA9-8521-5EE85F274EAD}.Debug|Any CPU.Build.0 = Debug|Any CPU
		{5C1DFC84-463B-4DA9-8521-5EE85F274EAD}.Debug|Any CPU.Deploy.0 = Debug|Any CPU
		{5C1DFC84-463B-4DA9-8521-5EE85F274EAD}.Debug|ARM.ActiveCfg = Debug|Any CPU
		{5C1DFC84-463B-4DA9-8521-5EE85F274EAD}.Debug|ARM.Build.0 = Debug|Any CPU
		{5C1DFC84-463B-4DA9-8521-5EE85F274EAD}.Debug|ARM.Deploy.0 = Debug|Any CPU
		{5C1DFC84-463B-4DA9-8521-5EE85F274EAD}.Debug|iPhone.ActiveCfg = Debug|Any CPU
		{5C1DFC84-463B-4DA9-8521-5EE85F274EAD}.Debug|iPhone.Build.0 = Debug|Any CPU
		{5C1DFC84-463B-4DA9-8521-5EE85F274EAD}.Debug|iPhone.Deploy.0 = Debug|Any CPU
		{5C1DFC84-463B-4DA9-8521-5EE85F274EAD}.Debug|iPhoneSimulator.ActiveCfg = Debug|Any CPU
		{5C1DFC84-463B-4DA9-8521-5EE85F274EAD}.Debug|iPhoneSimulator.Build.0 = Debug|Any CPU
		{5C1DFC84-463B-4DA9-8521-5EE85F274EAD}.Debug|iPhoneSimulator.Deploy.0 = Debug|Any CPU
		{5C1DFC84-463B-4DA9-8521-5EE85F274EAD}.Debug|x64.ActiveCfg = Debug|Any CPU
		{5C1DFC84-463B-4DA9-8521-5EE85F274EAD}.Debug|x64.Build.0 = Debug|Any CPU
		{5C1DFC84-463B-4DA9-8521-5EE85F274EAD}.Debug|x64.Deploy.0 = Debug|Any CPU
		{5C1DFC84-463B-4DA9-8521-5EE85F274EAD}.Debug|x86.ActiveCfg = Debug|Any CPU
		{5C1DFC84-463B-4DA9-8521-5EE85F274EAD}.Debug|x86.Build.0 = Debug|Any CPU
		{5C1DFC84-463B-4DA9-8521-5EE85F274EAD}.Debug|x86.Deploy.0 = Debug|Any CPU
		{5C1DFC84-463B-4DA9-8521-5EE85F274EAD}.Release|Any CPU.ActiveCfg = Release|Any CPU
		{5C1DFC84-463B-4DA9-8521-5EE85F274EAD}.Release|Any CPU.Build.0 = Release|Any CPU
		{5C1DFC84-463B-4DA9-8521-5EE85F274EAD}.Release|Any CPU.Deploy.0 = Release|Any CPU
		{5C1DFC84-463B-4DA9-8521-5EE85F274EAD}.Release|ARM.ActiveCfg = Release|Any CPU
		{5C1DFC84-463B-4DA9-8521-5EE85F274EAD}.Release|ARM.Build.0 = Release|Any CPU
		{5C1DFC84-463B-4DA9-8521-5EE85F274EAD}.Release|ARM.Deploy.0 = Release|Any CPU
		{5C1DFC84-463B-4DA9-8521-5EE85F274EAD}.Release|iPhone.ActiveCfg = Release|Any CPU
		{5C1DFC84-463B-4DA9-8521-5EE85F274EAD}.Release|iPhone.Build.0 = Release|Any CPU
		{5C1DFC84-463B-4DA9-8521-5EE85F274EAD}.Release|iPhone.Deploy.0 = Release|Any CPU
		{5C1DFC84-463B-4DA9-8521-5EE85F274EAD}.Release|iPhoneSimulator.ActiveCfg = Release|Any CPU
		{5C1DFC84-463B-4DA9-8521-5EE85F274EAD}.Release|iPhoneSimulator.Build.0 = Release|Any CPU
		{5C1DFC84-463B-4DA9-8521-5EE85F274EAD}.Release|iPhoneSimulator.Deploy.0 = Release|Any CPU
		{5C1DFC84-463B-4DA9-8521-5EE85F274EAD}.Release|x64.ActiveCfg = Release|Any CPU
		{5C1DFC84-463B-4DA9-8521-5EE85F274EAD}.Release|x64.Build.0 = Release|Any CPU
		{5C1DFC84-463B-4DA9-8521-5EE85F274EAD}.Release|x64.Deploy.0 = Release|Any CPU
		{5C1DFC84-463B-4DA9-8521-5EE85F274EAD}.Release|x86.ActiveCfg = Release|Any CPU
		{5C1DFC84-463B-4DA9-8521-5EE85F274EAD}.Release|x86.Build.0 = Release|Any CPU
		{5C1DFC84-463B-4DA9-8521-5EE85F274EAD}.Release|x86.Deploy.0 = Release|Any CPU
	EndGlobalSection
	GlobalSection(SolutionProperties) = preSolution
		HideSolutionNode = FALSE
	EndGlobalSection
	GlobalSection(ExtensibilityGlobals) = postSolution
		SolutionGuid = {80F7153F-E3AE-4A7A-85B7-24A579CEDBAF}
	EndGlobalSection
EndGlobal
